
Microsoft Visual Studio Solution File, Format Version 12.00
# Visual Studio Version 17
VisualStudioVersion = 17.2.32516.85
MinimumVisualStudioVersion = 10.0.40219.1
Project("{FAE04EC0-301F-11D3-BF4B-00C04F79EFBC}") = "identity_demo", "identity_demo.csproj", "{8E378A06-7C64-4978-B942-DC50B1321DDE}"
EndProject
Global
	GlobalSection(SolutionConfigurationPlatforms) = preSolution
		Debug|Any CPU = Debug|Any CPU
		Release|Any CPU = Release|Any CPU
	EndGlobalSection
	GlobalSection(ProjectConfigurationPlatforms) = postSolution
		{8E378A06-7C64-4978-B942-DC50B1321DDE}.Debug|Any CPU.ActiveCfg = Debug|Any CPU
		{8E378A06-7C64-4978-B942-DC50B1321DDE}.Debug|Any CPU.Build.0 = Debug|Any CPU
		{8E378A06-7C64-4978-B942-DC50B1321DDE}.Release|Any CPU.ActiveCfg = Release|Any CPU
		{8E378A06-7C64-4978-B942-DC50B1321DDE}.Release|Any CPU.Build.0 = Release|Any CPU
	EndGlobalSection
	GlobalSection(SolutionProperties) = preSolution
		HideSolutionNode = FALSE
	EndGlobalSection
	GlobalSection(ExtensibilityGlobals) = postSolution
		SolutionGuid = {DC16AE86-D583-4840-A80A-152BACE38D00}
	EndGlobalSection
EndGlobal
