
Microsoft Visual Studio Solution File, Format Version 12.00
# Visual Studio Version 17
VisualStudioVersion = 17.2.32516.85
MinimumVisualStudioVersion = 10.0.40219.1
Project("{FAE04EC0-301F-11D3-BF4B-00C04F79EFBC}") = "BankingAPP_EF_Demo", "BankingAPP_EF_Demo.csproj", "{06E12ED0-3746-4A27-AD99-E59A954BA98D}"
EndProject
Global
	GlobalSection(SolutionConfigurationPlatforms) = preSolution
		Debug|Any CPU = Debug|Any CPU
		Release|Any CPU = Release|Any CPU
	EndGlobalSection
	GlobalSection(ProjectConfigurationPlatforms) = postSolution
		{06E12ED0-3746-4A27-AD99-E59A954BA98D}.Debug|Any CPU.ActiveCfg = Debug|Any CPU
		{06E12ED0-3746-4A27-AD99-E59A954BA98D}.Debug|Any CPU.Build.0 = Debug|Any CPU
		{06E12ED0-3746-4A27-AD99-E59A954BA98D}.Release|Any CPU.ActiveCfg = Release|Any CPU
		{06E12ED0-3746-4A27-AD99-E59A954BA98D}.Release|Any CPU.Build.0 = Release|Any CPU
	EndGlobalSection
	GlobalSection(SolutionProperties) = preSolution
		HideSolutionNode = FALSE
	EndGlobalSection
	GlobalSection(ExtensibilityGlobals) = postSolution
		SolutionGuid = {3EDD5DD6-A3A4-48C9-9147-771251B4AF86}
	EndGlobalSection
EndGlobal
