
Microsoft Visual Studio Solution File, Format Version 12.00
# Visual Studio Version 17
VisualStudioVersion = 17.3.32901.215
MinimumVisualStudioVersion = 10.0.40219.1
Project("{FAE04EC0-301F-11D3-BF4B-00C04F79EFBC}") = "shoppingAPI", "shoppingAPI\shoppingAPI.csproj", "{12D28FDD-7298-4A33-939D-05E30C403121}"
EndProject
Global
	GlobalSection(SolutionConfigurationPlatforms) = preSolution
		Debug|Any CPU = Debug|Any CPU
		Release|Any CPU = Release|Any CPU
	EndGlobalSection
	GlobalSection(ProjectConfigurationPlatforms) = postSolution
		{12D28FDD-7298-4A33-939D-05E30C403121}.Debug|Any CPU.ActiveCfg = Debug|Any CPU
		{12D28FDD-7298-4A33-939D-05E30C403121}.Debug|Any CPU.Build.0 = Debug|Any CPU
		{12D28FDD-7298-4A33-939D-05E30C403121}.Release|Any CPU.ActiveCfg = Release|Any CPU
		{12D28FDD-7298-4A33-939D-05E30C403121}.Release|Any CPU.Build.0 = Release|Any CPU
	EndGlobalSection
	GlobalSection(SolutionProperties) = preSolution
		HideSolutionNode = FALSE
	EndGlobalSection
	GlobalSection(ExtensibilityGlobals) = postSolution
		SolutionGuid = {C7C0E7CF-272C-47FE-84F8-6B5DF5F23B2A}
	EndGlobalSection
EndGlobal
